
Microsoft Visual Studio Solution File, Format Version 12.00
# Visual Studio 14
VisualStudioVersion = 14.0.25420.1
MinimumVisualStudioVersion = 10.0.40219.1
Project("{FAE04EC0-301F-11D3-BF4B-00C04F79EFBC}") = "PrevencionRiesgos.Negocio", "PrevencionRiesgos.Negocio\PrevencionRiesgos.Negocio.csproj", "{A84733CD-3C31-4A2F-A031-7E61F1728CF6}"
EndProject
Project("{FAE04EC0-301F-11D3-BF4B-00C04F79EFBC}") = "PrevencionRiesgosWPF", "PrevencionRiesgosWPF\PrevencionRiesgosWPF.csproj", "{39EE7568-D951-4AE1-A423-6D2FFFC64D60}"
EndProject
Project("{FAE04EC0-301F-11D3-BF4B-00C04F79EFBC}") = "PrevencionWPFMetr", "PrevencionWPFMetr\PrevencionWPFMetr.csproj", "{025AD7E6-8A20-4314-BF1D-2364C4CF7CF7}"
EndProject
Global
	GlobalSection(SolutionConfigurationPlatforms) = preSolution
		Debug|Any CPU = Debug|Any CPU
		Release|Any CPU = Release|Any CPU
	EndGlobalSection
	GlobalSection(ProjectConfigurationPlatforms) = postSolution
		{A84733CD-3C31-4A2F-A031-7E61F1728CF6}.Debug|Any CPU.ActiveCfg = Debug|Any CPU
		{A84733CD-3C31-4A2F-A031-7E61F1728CF6}.Debug|Any CPU.Build.0 = Debug|Any CPU
		{A84733CD-3C31-4A2F-A031-7E61F1728CF6}.Release|Any CPU.ActiveCfg = Release|Any CPU
		{A84733CD-3C31-4A2F-A031-7E61F1728CF6}.Release|Any CPU.Build.0 = Release|Any CPU
		{39EE7568-D951-4AE1-A423-6D2FFFC64D60}.Debug|Any CPU.ActiveCfg = Debug|Any CPU
		{39EE7568-D951-4AE1-A423-6D2FFFC64D60}.Debug|Any CPU.Build.0 = Debug|Any CPU
		{39EE7568-D951-4AE1-A423-6D2FFFC64D60}.Release|Any CPU.ActiveCfg = Release|Any CPU
		{39EE7568-D951-4AE1-A423-6D2FFFC64D60}.Release|Any CPU.Build.0 = Release|Any CPU
		{025AD7E6-8A20-4314-BF1D-2364C4CF7CF7}.Debug|Any CPU.ActiveCfg = Debug|Any CPU
		{025AD7E6-8A20-4314-BF1D-2364C4CF7CF7}.Debug|Any CPU.Build.0 = Debug|Any CPU
		{025AD7E6-8A20-4314-BF1D-2364C4CF7CF7}.Release|Any CPU.ActiveCfg = Release|Any CPU
		{025AD7E6-8A20-4314-BF1D-2364C4CF7CF7}.Release|Any CPU.Build.0 = Release|Any CPU
	EndGlobalSection
	GlobalSection(SolutionProperties) = preSolution
		HideSolutionNode = FALSE
	EndGlobalSection
EndGlobal
