
Microsoft Visual Studio Solution File, Format Version 12.00
# Visual Studio 14
VisualStudioVersion = 14.0.25420.1
MinimumVisualStudioVersion = 10.0.40219.1
Project("{FAE04EC0-301F-11D3-BF4B-00C04F79EFBC}") = "PrevencionRiesgos.DALC", "PrevencionRiesgos.DALC\PrevencionRiesgos.DALC.csproj", "{4F19781A-0683-464E-B7CF-D84591DF7B77}"
EndProject
Project("{FAE04EC0-301F-11D3-BF4B-00C04F79EFBC}") = "PrevencionRiesgos.Negocio", "PrevencionRiesgos.Negocio\PrevencionRiesgos.Negocio.csproj", "{9C092EAA-C731-47E1-A762-FB63A2CC4808}"
EndProject
Project("{FAE04EC0-301F-11D3-BF4B-00C04F79EFBC}") = "PrevencionRiesgos.Services", "PrevencionRiesgos.Services\PrevencionRiesgos.Services.csproj", "{5F821802-0FBE-4C3C-901E-E5A3313DB5FD}"
EndProject
Project("{FAE04EC0-301F-11D3-BF4B-00C04F79EFBC}") = "PrevencionRiesgosWPF", "PrevencionRiesgosWPF\PrevencionRiesgosWPF.csproj", "{39EE7568-D951-4AE1-A423-6D2FFFC64D60}"
	ProjectSection(ProjectDependencies) = postProject
		{5F821802-0FBE-4C3C-901E-E5A3313DB5FD} = {5F821802-0FBE-4C3C-901E-E5A3313DB5FD}
	EndProjectSection
EndProject
Global
	GlobalSection(SolutionConfigurationPlatforms) = preSolution
		Debug|Any CPU = Debug|Any CPU
		Release|Any CPU = Release|Any CPU
	EndGlobalSection
	GlobalSection(ProjectConfigurationPlatforms) = postSolution
		{4F19781A-0683-464E-B7CF-D84591DF7B77}.Debug|Any CPU.ActiveCfg = Debug|Any CPU
		{4F19781A-0683-464E-B7CF-D84591DF7B77}.Debug|Any CPU.Build.0 = Debug|Any CPU
		{4F19781A-0683-464E-B7CF-D84591DF7B77}.Release|Any CPU.ActiveCfg = Release|Any CPU
		{4F19781A-0683-464E-B7CF-D84591DF7B77}.Release|Any CPU.Build.0 = Release|Any CPU
		{9C092EAA-C731-47E1-A762-FB63A2CC4808}.Debug|Any CPU.ActiveCfg = Debug|Any CPU
		{9C092EAA-C731-47E1-A762-FB63A2CC4808}.Debug|Any CPU.Build.0 = Debug|Any CPU
		{9C092EAA-C731-47E1-A762-FB63A2CC4808}.Release|Any CPU.ActiveCfg = Release|Any CPU
		{9C092EAA-C731-47E1-A762-FB63A2CC4808}.Release|Any CPU.Build.0 = Release|Any CPU
		{5F821802-0FBE-4C3C-901E-E5A3313DB5FD}.Debug|Any CPU.ActiveCfg = Debug|Any CPU
		{5F821802-0FBE-4C3C-901E-E5A3313DB5FD}.Debug|Any CPU.Build.0 = Debug|Any CPU
		{5F821802-0FBE-4C3C-901E-E5A3313DB5FD}.Release|Any CPU.ActiveCfg = Release|Any CPU
		{5F821802-0FBE-4C3C-901E-E5A3313DB5FD}.Release|Any CPU.Build.0 = Release|Any CPU
		{39EE7568-D951-4AE1-A423-6D2FFFC64D60}.Debug|Any CPU.ActiveCfg = Debug|Any CPU
		{39EE7568-D951-4AE1-A423-6D2FFFC64D60}.Debug|Any CPU.Build.0 = Debug|Any CPU
		{39EE7568-D951-4AE1-A423-6D2FFFC64D60}.Release|Any CPU.ActiveCfg = Release|Any CPU
		{39EE7568-D951-4AE1-A423-6D2FFFC64D60}.Release|Any CPU.Build.0 = Release|Any CPU
	EndGlobalSection
	GlobalSection(SolutionProperties) = preSolution
		HideSolutionNode = FALSE
	EndGlobalSection
EndGlobal
